
Microsoft Visual Studio Solution File, Format Version 12.00
# Visual Studio Version 17
VisualStudioVersion = 17.1.32407.343
MinimumVisualStudioVersion = 10.0.40219.1
Project("{FAE04EC0-301F-11D3-BF4B-00C04F79EFBC}") = "23.11", "23.11\23.11.csproj", "{1DACBAD9-DA3D-4F7B-8CD5-4102D15389CF}"
EndProject
Global
	GlobalSection(SolutionConfigurationPlatforms) = preSolution
		Debug|Any CPU = Debug|Any CPU
		Release|Any CPU = Release|Any CPU
	EndGlobalSection
	GlobalSection(ProjectConfigurationPlatforms) = postSolution
		{1DACBAD9-DA3D-4F7B-8CD5-4102D15389CF}.Debug|Any CPU.ActiveCfg = Debug|Any CPU
		{1DACBAD9-DA3D-4F7B-8CD5-4102D15389CF}.Debug|Any CPU.Build.0 = Debug|Any CPU
		{1DACBAD9-DA3D-4F7B-8CD5-4102D15389CF}.Release|Any CPU.ActiveCfg = Release|Any CPU
		{1DACBAD9-DA3D-4F7B-8CD5-4102D15389CF}.Release|Any CPU.Build.0 = Release|Any CPU
	EndGlobalSection
	GlobalSection(SolutionProperties) = preSolution
		HideSolutionNode = FALSE
	EndGlobalSection
	GlobalSection(ExtensibilityGlobals) = postSolution
		SolutionGuid = {8FCC30D4-89B1-412F-B4B5-6C2360E22132}
	EndGlobalSection
EndGlobal
